
Microsoft Visual Studio Solution File, Format Version 12.00
# Visual Studio 15
VisualStudioVersion = 15.0.28307.136
MinimumVisualStudioVersion = 10.0.40219.1
Project("{FAE04EC0-301F-11D3-BF4B-00C04F79EFBC}") = "LogoDetector.Android", "LogoDetector\LogoDetector.Android\LogoDetector.Android.csproj", "{AD3D4315-04D7-47FA-9CC2-A930423FF137}"
EndProject
Project("{FAE04EC0-301F-11D3-BF4B-00C04F79EFBC}") = "LogoDetector.iOS", "LogoDetector\LogoDetector.iOS\LogoDetector.iOS.csproj", "{55A5BDD2-1E75-498A-99C3-B7B5D090CFB0}"
EndProject
Project("{FAE04EC0-301F-11D3-BF4B-00C04F79EFBC}") = "LogoDetector", "LogoDetector\LogoDetector\LogoDetector.csproj", "{398C18B6-3024-432B-A8CE-D0042BEBF877}"
EndProject
Global
	GlobalSection(SolutionConfigurationPlatforms) = preSolution
		Ad-Hoc|Any CPU = Ad-Hoc|Any CPU
		Ad-Hoc|ARM = Ad-Hoc|ARM
		Ad-Hoc|iPhone = Ad-Hoc|iPhone
		Ad-Hoc|iPhoneSimulator = Ad-Hoc|iPhoneSimulator
		Ad-Hoc|x64 = Ad-Hoc|x64
		Ad-Hoc|x86 = Ad-Hoc|x86
		AppStore|Any CPU = AppStore|Any CPU
		AppStore|ARM = AppStore|ARM
		AppStore|iPhone = AppStore|iPhone
		AppStore|iPhoneSimulator = AppStore|iPhoneSimulator
		AppStore|x64 = AppStore|x64
		AppStore|x86 = AppStore|x86
		Debug|Any CPU = Debug|Any CPU
		Debug|ARM = Debug|ARM
		Debug|iPhone = Debug|iPhone
		Debug|iPhoneSimulator = Debug|iPhoneSimulator
		Debug|x64 = Debug|x64
		Debug|x86 = Debug|x86
		Release|Any CPU = Release|Any CPU
		Release|ARM = Release|ARM
		Release|iPhone = Release|iPhone
		Release|iPhoneSimulator = Release|iPhoneSimulator
		Release|x64 = Release|x64
		Release|x86 = Release|x86
	EndGlobalSection
	GlobalSection(ProjectConfigurationPlatforms) = postSolution
		{AD3D4315-04D7-47FA-9CC2-A930423FF137}.Ad-Hoc|Any CPU.ActiveCfg = Release|Any CPU
		{AD3D4315-04D7-47FA-9CC2-A930423FF137}.Ad-Hoc|Any CPU.Build.0 = Release|Any CPU
		{AD3D4315-04D7-47FA-9CC2-A930423FF137}.Ad-Hoc|Any CPU.Deploy.0 = Release|Any CPU
		{AD3D4315-04D7-47FA-9CC2-A930423FF137}.Ad-Hoc|ARM.ActiveCfg = Release|Any CPU
		{AD3D4315-04D7-47FA-9CC2-A930423FF137}.Ad-Hoc|ARM.Build.0 = Release|Any CPU
		{AD3D4315-04D7-47FA-9CC2-A930423FF137}.Ad-Hoc|ARM.Deploy.0 = Release|Any CPU
		{AD3D4315-04D7-47FA-9CC2-A930423FF137}.Ad-Hoc|iPhone.ActiveCfg = Release|Any CPU
		{AD3D4315-04D7-47FA-9CC2-A930423FF137}.Ad-Hoc|iPhone.Build.0 = Release|Any CPU
		{AD3D4315-04D7-47FA-9CC2-A930423FF137}.Ad-Hoc|iPhone.Deploy.0 = Release|Any CPU
		{AD3D4315-04D7-47FA-9CC2-A930423FF137}.Ad-Hoc|iPhoneSimulator.ActiveCfg = Release|Any CPU
		{AD3D4315-04D7-47FA-9CC2-A930423FF137}.Ad-Hoc|iPhoneSimulator.Build.0 = Release|Any CPU
		{AD3D4315-04D7-47FA-9CC2-A930423FF137}.Ad-Hoc|iPhoneSimulator.Deploy.0 = Release|Any CPU
		{AD3D4315-04D7-47FA-9CC2-A930423FF137}.Ad-Hoc|x64.ActiveCfg = Release|Any CPU
		{AD3D4315-04D7-47FA-9CC2-A930423FF137}.Ad-Hoc|x64.Build.0 = Release|Any CPU
		{AD3D4315-04D7-47FA-9CC2-A930423FF137}.Ad-Hoc|x64.Deploy.0 = Release|Any CPU
		{AD3D4315-04D7-47FA-9CC2-A930423FF137}.Ad-Hoc|x86.ActiveCfg = Release|Any CPU
		{AD3D4315-04D7-47FA-9CC2-A930423FF137}.Ad-Hoc|x86.Build.0 = Release|Any CPU
		{AD3D4315-04D7-47FA-9CC2-A930423FF137}.Ad-Hoc|x86.Deploy.0 = Release|Any CPU
		{AD3D4315-04D7-47FA-9CC2-A930423FF137}.AppStore|Any CPU.ActiveCfg = Release|Any CPU
		{AD3D4315-04D7-47FA-9CC2-A930423FF137}.AppStore|Any CPU.Build.0 = Release|Any CPU
		{AD3D4315-04D7-47FA-9CC2-A930423FF137}.AppStore|Any CPU.Deploy.0 = Release|Any CPU
		{AD3D4315-04D7-47FA-9CC2-A930423FF137}.AppStore|ARM.ActiveCfg = Release|Any CPU
		{AD3D4315-04D7-47FA-9CC2-A930423FF137}.AppStore|ARM.Build.0 = Release|Any CPU
		{AD3D4315-04D7-47FA-9CC2-A930423FF137}.AppStore|ARM.Deploy.0 = Release|Any CPU
		{AD3D4315-04D7-47FA-9CC2-A930423FF137}.AppStore|iPhone.ActiveCfg = Release|Any CPU
		{AD3D4315-04D7-47FA-9CC2-A930423FF137}.AppStore|iPhone.Build.0 = Release|Any CPU
		{AD3D4315-04D7-47FA-9CC2-A930423FF137}.AppStore|iPhone.Deploy.0 = Release|Any CPU
		{AD3D4315-04D7-47FA-9CC2-A930423FF137}.AppStore|iPhoneSimulator.ActiveCfg = Release|Any CPU
		{AD3D4315-04D7-47FA-9CC2-A930423FF137}.AppStore|iPhoneSimulator.Build.0 = Release|Any CPU
		{AD3D4315-04D7-47FA-9CC2-A930423FF137}.AppStore|iPhoneSimulator.Deploy.0 = Release|Any CPU
		{AD3D4315-04D7-47FA-9CC2-A930423FF137}.AppStore|x64.ActiveCfg = Release|Any CPU
		{AD3D4315-04D7-47FA-9CC2-A930423FF137}.AppStore|x64.Build.0 = Release|Any CPU
		{AD3D4315-04D7-47FA-9CC2-A930423FF137}.AppStore|x64.Deploy.0 = Release|Any CPU
		{AD3D4315-04D7-47FA-9CC2-A930423FF137}.AppStore|x86.ActiveCfg = Release|Any CPU
		{AD3D4315-04D7-47FA-9CC2-A930423FF137}.AppStore|x86.Build.0 = Release|Any CPU
		{AD3D4315-04D7-47FA-9CC2-A930423FF137}.AppStore|x86.Deploy.0 = Release|Any CPU
		{AD3D4315-04D7-47FA-9CC2-A930423FF137}.Debug|Any CPU.ActiveCfg = Debug|Any CPU
		{AD3D4315-04D7-47FA-9CC2-A930423FF137}.Debug|Any CPU.Build.0 = Debug|Any CPU
		{AD3D4315-04D7-47FA-9CC2-A930423FF137}.Debug|Any CPU.Deploy.0 = Debug|Any CPU
		{AD3D4315-04D7-47FA-9CC2-A930423FF137}.Debug|ARM.ActiveCfg = Debug|Any CPU
		{AD3D4315-04D7-47FA-9CC2-A930423FF137}.Debug|ARM.Build.0 = Debug|Any CPU
		{AD3D4315-04D7-47FA-9CC2-A930423FF137}.Debug|ARM.Deploy.0 = Debug|Any CPU
		{AD3D4315-04D7-47FA-9CC2-A930423FF137}.Debug|iPhone.ActiveCfg = Debug|Any CPU
		{AD3D4315-04D7-47FA-9CC2-A930423FF137}.Debug|iPhone.Build.0 = Debug|Any CPU
		{AD3D4315-04D7-47FA-9CC2-A930423FF137}.Debug|iPhone.Deploy.0 = Debug|Any CPU
		{AD3D4315-04D7-47FA-9CC2-A930423FF137}.Debug|iPhoneSimulator.ActiveCfg = Debug|Any CPU
		{AD3D4315-04D7-47FA-9CC2-A930423FF137}.Debug|iPhoneSimulator.Build.0 = Debug|Any CPU
		{AD3D4315-04D7-47FA-9CC2-A930423FF137}.Debug|iPhoneSimulator.Deploy.0 = Debug|Any CPU
		{AD3D4315-04D7-47FA-9CC2-A930423FF137}.Debug|x64.ActiveCfg = Debug|Any CPU
		{AD3D4315-04D7-47FA-9CC2-A930423FF137}.Debug|x64.Build.0 = Debug|Any CPU
		{AD3D4315-04D7-47FA-9CC2-A930423FF137}.Debug|x64.Deploy.0 = Debug|Any CPU
		{AD3D4315-04D7-47FA-9CC2-A930423FF137}.Debug|x86.ActiveCfg = Debug|Any CPU
		{AD3D4315-04D7-47FA-9CC2-A930423FF137}.Debug|x86.Build.0 = Debug|Any CPU
		{AD3D4315-04D7-47FA-9CC2-A930423FF137}.Debug|x86.Deploy.0 = Debug|Any CPU
		{AD3D4315-04D7-47FA-9CC2-A930423FF137}.Release|Any CPU.ActiveCfg = Release|Any CPU
		{AD3D4315-04D7-47FA-9CC2-A930423FF137}.Release|Any CPU.Build.0 = Release|Any CPU
		{AD3D4315-04D7-47FA-9CC2-A930423FF137}.Release|Any CPU.Deploy.0 = Release|Any CPU
		{AD3D4315-04D7-47FA-9CC2-A930423FF137}.Release|ARM.ActiveCfg = Release|Any CPU
		{AD3D4315-04D7-47FA-9CC2-A930423FF137}.Release|ARM.Build.0 = Release|Any CPU
		{AD3D4315-04D7-47FA-9CC2-A930423FF137}.Release|ARM.Deploy.0 = Release|Any CPU
		{AD3D4315-04D7-47FA-9CC2-A930423FF137}.Release|iPhone.ActiveCfg = Release|Any CPU
		{AD3D4315-04D7-47FA-9CC2-A930423FF137}.Release|iPhone.Build.0 = Release|Any CPU
		{AD3D4315-04D7-47FA-9CC2-A930423FF137}.Release|iPhone.Deploy.0 = Release|Any CPU
		{AD3D4315-04D7-47FA-9CC2-A930423FF137}.Release|iPhoneSimulator.ActiveCfg = Release|Any CPU
		{AD3D4315-04D7-47FA-9CC2-A930423FF137}.Release|iPhoneSimulator.Build.0 = Release|Any CPU
		{AD3D4315-04D7-47FA-9CC2-A930423FF137}.Release|iPhoneSimulator.Deploy.0 = Release|Any CPU
		{AD3D4315-04D7-47FA-9CC2-A930423FF137}.Release|x64.ActiveCfg = Release|Any CPU
		{AD3D4315-04D7-47FA-9CC2-A930423FF137}.Release|x64.Build.0 = Release|Any CPU
		{AD3D4315-04D7-47FA-9CC2-A930423FF137}.Release|x64.Deploy.0 = Release|Any CPU
		{AD3D4315-04D7-47FA-9CC2-A930423FF137}.Release|x86.ActiveCfg = Release|Any CPU
		{AD3D4315-04D7-47FA-9CC2-A930423FF137}.Release|x86.Build.0 = Release|Any CPU
		{AD3D4315-04D7-47FA-9CC2-A930423FF137}.Release|x86.Deploy.0 = Release|Any CPU
		{55A5BDD2-1E75-498A-99C3-B7B5D090CFB0}.Ad-Hoc|Any CPU.ActiveCfg = Ad-Hoc|iPhone
		{55A5BDD2-1E75-498A-99C3-B7B5D090CFB0}.Ad-Hoc|Any CPU.Build.0 = Ad-Hoc|iPhone
		{55A5BDD2-1E75-498A-99C3-B7B5D090CFB0}.Ad-Hoc|Any CPU.Deploy.0 = Ad-Hoc|iPhone
		{55A5BDD2-1E75-498A-99C3-B7B5D090CFB0}.Ad-Hoc|ARM.ActiveCfg = Ad-Hoc|iPhone
		{55A5BDD2-1E75-498A-99C3-B7B5D090CFB0}.Ad-Hoc|ARM.Build.0 = Ad-Hoc|iPhone
		{55A5BDD2-1E75-498A-99C3-B7B5D090CFB0}.Ad-Hoc|ARM.Deploy.0 = Ad-Hoc|iPhone
		{55A5BDD2-1E75-498A-99C3-B7B5D090CFB0}.Ad-Hoc|iPhone.ActiveCfg = Ad-Hoc|iPhone
		{55A5BDD2-1E75-498A-99C3-B7B5D090CFB0}.Ad-Hoc|iPhone.Build.0 = Ad-Hoc|iPhone
		{55A5BDD2-1E75-498A-99C3-B7B5D090CFB0}.Ad-Hoc|iPhone.Deploy.0 = Ad-Hoc|iPhone
		{55A5BDD2-1E75-498A-99C3-B7B5D090CFB0}.Ad-Hoc|iPhoneSimulator.ActiveCfg = Ad-Hoc|iPhoneSimulator
		{55A5BDD2-1E75-498A-99C3-B7B5D090CFB0}.Ad-Hoc|iPhoneSimulator.Build.0 = Ad-Hoc|iPhoneSimulator
		{55A5BDD2-1E75-498A-99C3-B7B5D090CFB0}.Ad-Hoc|iPhoneSimulator.Deploy.0 = Ad-Hoc|iPhoneSimulator
		{55A5BDD2-1E75-498A-99C3-B7B5D090CFB0}.Ad-Hoc|x64.ActiveCfg = Ad-Hoc|iPhone
		{55A5BDD2-1E75-498A-99C3-B7B5D090CFB0}.Ad-Hoc|x64.Build.0 = Ad-Hoc|iPhone
		{55A5BDD2-1E75-498A-99C3-B7B5D090CFB0}.Ad-Hoc|x64.Deploy.0 = Ad-Hoc|iPhone
		{55A5BDD2-1E75-498A-99C3-B7B5D090CFB0}.Ad-Hoc|x86.ActiveCfg = Ad-Hoc|iPhone
		{55A5BDD2-1E75-498A-99C3-B7B5D090CFB0}.Ad-Hoc|x86.Build.0 = Ad-Hoc|iPhone
		{55A5BDD2-1E75-498A-99C3-B7B5D090CFB0}.Ad-Hoc|x86.Deploy.0 = Ad-Hoc|iPhone
		{55A5BDD2-1E75-498A-99C3-B7B5D090CFB0}.AppStore|Any CPU.ActiveCfg = AppStore|iPhone
		{55A5BDD2-1E75-498A-99C3-B7B5D090CFB0}.AppStore|Any CPU.Build.0 = AppStore|iPhone
		{55A5BDD2-1E75-498A-99C3-B7B5D090CFB0}.AppStore|Any CPU.Deploy.0 = AppStore|iPhone
		{55A5BDD2-1E75-498A-99C3-B7B5D090CFB0}.AppStore|ARM.ActiveCfg = AppStore|iPhone
		{55A5BDD2-1E75-498A-99C3-B7B5D090CFB0}.AppStore|ARM.Build.0 = AppStore|iPhone
		{55A5BDD2-1E75-498A-99C3-B7B5D090CFB0}.AppStore|ARM.Deploy.0 = AppStore|iPhone
		{55A5BDD2-1E75-498A-99C3-B7B5D090CFB0}.AppStore|iPhone.ActiveCfg = AppStore|iPhone
		{55A5BDD2-1E75-498A-99C3-B7B5D090CFB0}.AppStore|iPhone.Build.0 = AppStore|iPhone
		{55A5BDD2-1E75-498A-99C3-B7B5D090CFB0}.AppStore|iPhone.Deploy.0 = AppStore|iPhone
		{55A5BDD2-1E75-498A-99C3-B7B5D090CFB0}.AppStore|iPhoneSimulator.ActiveCfg = AppStore|iPhoneSimulator
		{55A5BDD2-1E75-498A-99C3-B7B5D090CFB0}.AppStore|iPhoneSimulator.Build.0 = AppStore|iPhoneSimulator
		{55A5BDD2-1E75-498A-99C3-B7B5D090CFB0}.AppStore|iPhoneSimulator.Deploy.0 = AppStore|iPhoneSimulator
		{55A5BDD2-1E75-498A-99C3-B7B5D090CFB0}.AppStore|x64.ActiveCfg = AppStore|iPhone
		{55A5BDD2-1E75-498A-99C3-B7B5D090CFB0}.AppStore|x64.Build.0 = AppStore|iPhone
		{55A5BDD2-1E75-498A-99C3-B7B5D090CFB0}.AppStore|x64.Deploy.0 = AppStore|iPhone
		{55A5BDD2-1E75-498A-99C3-B7B5D090CFB0}.AppStore|x86.ActiveCfg = AppStore|iPhone
		{55A5BDD2-1E75-498A-99C3-B7B5D090CFB0}.AppStore|x86.Build.0 = AppStore|iPhone
		{55A5BDD2-1E75-498A-99C3-B7B5D090CFB0}.AppStore|x86.Deploy.0 = AppStore|iPhone
		{55A5BDD2-1E75-498A-99C3-B7B5D090CFB0}.Debug|Any CPU.ActiveCfg = Debug|iPhoneSimulator
		{55A5BDD2-1E75-498A-99C3-B7B5D090CFB0}.Debug|Any CPU.Build.0 = Debug|iPhoneSimulator
		{55A5BDD2-1E75-498A-99C3-B7B5D090CFB0}.Debug|Any CPU.Deploy.0 = Debug|iPhoneSimulator
		{55A5BDD2-1E75-498A-99C3-B7B5D090CFB0}.Debug|ARM.ActiveCfg = Debug|iPhone
		{55A5BDD2-1E75-498A-99C3-B7B5D090CFB0}.Debug|ARM.Build.0 = Debug|iPhone
		{55A5BDD2-1E75-498A-99C3-B7B5D090CFB0}.Debug|ARM.Deploy.0 = Debug|iPhone
		{55A5BDD2-1E75-498A-99C3-B7B5D090CFB0}.Debug|iPhone.ActiveCfg = Debug|iPhone
		{55A5BDD2-1E75-498A-99C3-B7B5D090CFB0}.Debug|iPhone.Build.0 = Debug|iPhone
		{55A5BDD2-1E75-498A-99C3-B7B5D090CFB0}.Debug|iPhone.Deploy.0 = Debug|iPhone
		{55A5BDD2-1E75-498A-99C3-B7B5D090CFB0}.Debug|iPhoneSimulator.ActiveCfg = Debug|iPhoneSimulator
		{55A5BDD2-1E75-498A-99C3-B7B5D090CFB0}.Debug|iPhoneSimulator.Build.0 = Debug|iPhoneSimulator
		{55A5BDD2-1E75-498A-99C3-B7B5D090CFB0}.Debug|iPhoneSimulator.Deploy.0 = Debug|iPhoneSimulator
		{55A5BDD2-1E75-498A-99C3-B7B5D090CFB0}.Debug|x64.ActiveCfg = Debug|iPhone
		{55A5BDD2-1E75-498A-99C3-B7B5D090CFB0}.Debug|x64.Build.0 = Debug|iPhone
		{55A5BDD2-1E75-498A-99C3-B7B5D090CFB0}.Debug|x64.Deploy.0 = Debug|iPhone
		{55A5BDD2-1E75-498A-99C3-B7B5D090CFB0}.Debug|x86.ActiveCfg = Debug|iPhone
		{55A5BDD2-1E75-498A-99C3-B7B5D090CFB0}.Debug|x86.Build.0 = Debug|iPhone
		{55A5BDD2-1E75-498A-99C3-B7B5D090CFB0}.Debug|x86.Deploy.0 = Debug|iPhone
		{55A5BDD2-1E75-498A-99C3-B7B5D090CFB0}.Release|Any CPU.ActiveCfg = Release|iPhone
		{55A5BDD2-1E75-498A-99C3-B7B5D090CFB0}.Release|Any CPU.Build.0 = Release|iPhone
		{55A5BDD2-1E75-498A-99C3-B7B5D090CFB0}.Release|Any CPU.Deploy.0 = Release|iPhone
		{55A5BDD2-1E75-498A-99C3-B7B5D090CFB0}.Release|ARM.ActiveCfg = Release|iPhone
		{55A5BDD2-1E75-498A-99C3-B7B5D090CFB0}.Release|ARM.Build.0 = Release|iPhone
		{55A5BDD2-1E75-498A-99C3-B7B5D090CFB0}.Release|ARM.Deploy.0 = Release|iPhone
		{55A5BDD2-1E75-498A-99C3-B7B5D090CFB0}.Release|iPhone.ActiveCfg = Release|iPhone
		{55A5BDD2-1E75-498A-99C3-B7B5D090CFB0}.Release|iPhone.Build.0 = Release|iPhone
		{55A5BDD2-1E75-498A-99C3-B7B5D090CFB0}.Release|iPhone.Deploy.0 = Release|iPhone
		{55A5BDD2-1E75-498A-99C3-B7B5D090CFB0}.Release|iPhoneSimulator.ActiveCfg = Release|iPhoneSimulator
		{55A5BDD2-1E75-498A-99C3-B7B5D090CFB0}.Release|iPhoneSimulator.Build.0 = Release|iPhoneSimulator
		{55A5BDD2-1E75-498A-99C3-B7B5D090CFB0}.Release|iPhoneSimulator.Deploy.0 = Release|iPhoneSimulator
		{55A5BDD2-1E75-498A-99C3-B7B5D090CFB0}.Release|x64.ActiveCfg = Release|iPhone
		{55A5BDD2-1E75-498A-99C3-B7B5D090CFB0}.Release|x64.Build.0 = Release|iPhone
		{55A5BDD2-1E75-498A-99C3-B7B5D090CFB0}.Release|x64.Deploy.0 = Release|iPhone
		{55A5BDD2-1E75-498A-99C3-B7B5D090CFB0}.Release|x86.ActiveCfg = Release|iPhone
		{55A5BDD2-1E75-498A-99C3-B7B5D090CFB0}.Release|x86.Build.0 = Release|iPhone
		{55A5BDD2-1E75-498A-99C3-B7B5D090CFB0}.Release|x86.Deploy.0 = Release|iPhone
		{398C18B6-3024-432B-A8CE-D0042BEBF877}.Ad-Hoc|Any CPU.ActiveCfg = Debug|Any CPU
		{398C18B6-3024-432B-A8CE-D0042BEBF877}.Ad-Hoc|Any CPU.Build.0 = Debug|Any CPU
		{398C18B6-3024-432B-A8CE-D0042BEBF877}.Ad-Hoc|Any CPU.Deploy.0 = Debug|Any CPU
		{398C18B6-3024-432B-A8CE-D0042BEBF877}.Ad-Hoc|ARM.ActiveCfg = Debug|Any CPU
		{398C18B6-3024-432B-A8CE-D0042BEBF877}.Ad-Hoc|ARM.Build.0 = Debug|Any CPU
		{398C18B6-3024-432B-A8CE-D0042BEBF877}.Ad-Hoc|ARM.Deploy.0 = Debug|Any CPU
		{398C18B6-3024-432B-A8CE-D0042BEBF877}.Ad-Hoc|iPhone.ActiveCfg = Debug|Any CPU
		{398C18B6-3024-432B-A8CE-D0042BEBF877}.Ad-Hoc|iPhone.Build.0 = Debug|Any CPU
		{398C18B6-3024-432B-A8CE-D0042BEBF877}.Ad-Hoc|iPhone.Deploy.0 = Debug|Any CPU
		{398C18B6-3024-432B-A8CE-D0042BEBF877}.Ad-Hoc|iPhoneSimulator.ActiveCfg = Debug|Any CPU
		{398C18B6-3024-432B-A8CE-D0042BEBF877}.Ad-Hoc|iPhoneSimulator.Build.0 = Debug|Any CPU
		{398C18B6-3024-432B-A8CE-D0042BEBF877}.Ad-Hoc|iPhoneSimulator.Deploy.0 = Debug|Any CPU
		{398C18B6-3024-432B-A8CE-D0042BEBF877}.Ad-Hoc|x64.ActiveCfg = Debug|Any CPU
		{398C18B6-3024-432B-A8CE-D0042BEBF877}.Ad-Hoc|x64.Build.0 = Debug|Any CPU
		{398C18B6-3024-432B-A8CE-D0042BEBF877}.Ad-Hoc|x64.Deploy.0 = Debug|Any CPU
		{398C18B6-3024-432B-A8CE-D0042BEBF877}.Ad-Hoc|x86.ActiveCfg = Debug|Any CPU
		{398C18B6-3024-432B-A8CE-D0042BEBF877}.Ad-Hoc|x86.Build.0 = Debug|Any CPU
		{398C18B6-3024-432B-A8CE-D0042BEBF877}.Ad-Hoc|x86.Deploy.0 = Debug|Any CPU
		{398C18B6-3024-432B-A8CE-D0042BEBF877}.AppStore|Any CPU.ActiveCfg = Debug|Any CPU
		{398C18B6-3024-432B-A8CE-D0042BEBF877}.AppStore|Any CPU.Build.0 = Debug|Any CPU
		{398C18B6-3024-432B-A8CE-D0042BEBF877}.AppStore|Any CPU.Deploy.0 = Debug|Any CPU
		{398C18B6-3024-432B-A8CE-D0042BEBF877}.AppStore|ARM.ActiveCfg = Debug|Any CPU
		{398C18B6-3024-432B-A8CE-D0042BEBF877}.AppStore|ARM.Build.0 = Debug|Any CPU
		{398C18B6-3024-432B-A8CE-D0042BEBF877}.AppStore|ARM.Deploy.0 = Debug|Any CPU
		{398C18B6-3024-432B-A8CE-D0042BEBF877}.AppStore|iPhone.ActiveCfg = Debug|Any CPU
		{398C18B6-3024-432B-A8CE-D0042BEBF877}.AppStore|iPhone.Build.0 = Debug|Any CPU
		{398C18B6-3024-432B-A8CE-D0042BEBF877}.AppStore|iPhone.Deploy.0 = Debug|Any CPU
		{398C18B6-3024-432B-A8CE-D0042BEBF877}.AppStore|iPhoneSimulator.ActiveCfg = Debug|Any CPU
		{398C18B6-3024-432B-A8CE-D0042BEBF877}.AppStore|iPhoneSimulator.Build.0 = Debug|Any CPU
		{398C18B6-3024-432B-A8CE-D0042BEBF877}.AppStore|iPhoneSimulator.Deploy.0 = Debug|Any CPU
		{398C18B6-3024-432B-A8CE-D0042BEBF877}.AppStore|x64.ActiveCfg = Debug|Any CPU
		{398C18B6-3024-432B-A8CE-D0042BEBF877}.AppStore|x64.Build.0 = Debug|Any CPU
		{398C18B6-3024-432B-A8CE-D0042BEBF877}.AppStore|x64.Deploy.0 = Debug|Any CPU
		{398C18B6-3024-432B-A8CE-D0042BEBF877}.AppStore|x86.ActiveCfg = Debug|Any CPU
		{398C18B6-3024-432B-A8CE-D0042BEBF877}.AppStore|x86.Build.0 = Debug|Any CPU
		{398C18B6-3024-432B-A8CE-D0042BEBF877}.AppStore|x86.Deploy.0 = Debug|Any CPU
		{398C18B6-3024-432B-A8CE-D0042BEBF877}.Debug|Any CPU.ActiveCfg = Debug|Any CPU
		{398C18B6-3024-432B-A8CE-D0042BEBF877}.Debug|Any CPU.Build.0 = Debug|Any CPU
		{398C18B6-3024-432B-A8CE-D0042BEBF877}.Debug|Any CPU.Deploy.0 = Debug|Any CPU
		{398C18B6-3024-432B-A8CE-D0042BEBF877}.Debug|ARM.ActiveCfg = Debug|Any CPU
		{398C18B6-3024-432B-A8CE-D0042BEBF877}.Debug|ARM.Build.0 = Debug|Any CPU
		{398C18B6-3024-432B-A8CE-D0042BEBF877}.Debug|ARM.Deploy.0 = Debug|Any CPU
		{398C18B6-3024-432B-A8CE-D0042BEBF877}.Debug|iPhone.ActiveCfg = Debug|Any CPU
		{398C18B6-3024-432B-A8CE-D0042BEBF877}.Debug|iPhone.Build.0 = Debug|Any CPU
		{398C18B6-3024-432B-A8CE-D0042BEBF877}.Debug|iPhone.Deploy.0 = Debug|Any CPU
		{398C18B6-3024-432B-A8CE-D0042BEBF877}.Debug|iPhoneSimulator.ActiveCfg = Debug|Any CPU
		{398C18B6-3024-432B-A8CE-D0042BEBF877}.Debug|iPhoneSimulator.Build.0 = Debug|Any CPU
		{398C18B6-3024-432B-A8CE-D0042BEBF877}.Debug|iPhoneSimulator.Deploy.0 = Debug|Any CPU
		{398C18B6-3024-432B-A8CE-D0042BEBF877}.Debug|x64.ActiveCfg = Debug|Any CPU
		{398C18B6-3024-432B-A8CE-D0042BEBF877}.Debug|x64.Build.0 = Debug|Any CPU
		{398C18B6-3024-432B-A8CE-D0042BEBF877}.Debug|x64.Deploy.0 = Debug|Any CPU
		{398C18B6-3024-432B-A8CE-D0042BEBF877}.Debug|x86.ActiveCfg = Debug|Any CPU
		{398C18B6-3024-432B-A8CE-D0042BEBF877}.Debug|x86.Build.0 = Debug|Any CPU
		{398C18B6-3024-432B-A8CE-D0042BEBF877}.Debug|x86.Deploy.0 = Debug|Any CPU
		{398C18B6-3024-432B-A8CE-D0042BEBF877}.Release|Any CPU.ActiveCfg = Release|Any CPU
		{398C18B6-3024-432B-A8CE-D0042BEBF877}.Release|Any CPU.Build.0 = Release|Any CPU
		{398C18B6-3024-432B-A8CE-D0042BEBF877}.Release|Any CPU.Deploy.0 = Release|Any CPU
		{398C18B6-3024-432B-A8CE-D0042BEBF877}.Release|ARM.ActiveCfg = Release|Any CPU
		{398C18B6-3024-432B-A8CE-D0042BEBF877}.Release|ARM.Build.0 = Release|Any CPU
		{398C18B6-3024-432B-A8CE-D0042BEBF877}.Release|ARM.Deploy.0 = Release|Any CPU
		{398C18B6-3024-432B-A8CE-D0042BEBF877}.Release|iPhone.ActiveCfg = Release|Any CPU
		{398C18B6-3024-432B-A8CE-D0042BEBF877}.Release|iPhone.Build.0 = Release|Any CPU
		{398C18B6-3024-432B-A8CE-D0042BEBF877}.Release|iPhone.Deploy.0 = Release|Any CPU
		{398C18B6-3024-432B-A8CE-D0042BEBF877}.Release|iPhoneSimulator.ActiveCfg = Release|Any CPU
		{398C18B6-3024-432B-A8CE-D0042BEBF877}.Release|iPhoneSimulator.Build.0 = Release|Any CPU
		{398C18B6-3024-432B-A8CE-D0042BEBF877}.Release|iPhoneSimulator.Deploy.0 = Release|Any CPU
		{398C18B6-3024-432B-A8CE-D0042BEBF877}.Release|x64.ActiveCfg = Release|Any CPU
		{398C18B6-3024-432B-A8CE-D0042BEBF877}.Release|x64.Build.0 = Release|Any CPU
		{398C18B6-3024-432B-A8CE-D0042BEBF877}.Release|x64.Deploy.0 = Release|Any CPU
		{398C18B6-3024-432B-A8CE-D0042BEBF877}.Release|x86.ActiveCfg = Release|Any CPU
		{398C18B6-3024-432B-A8CE-D0042BEBF877}.Release|x86.Build.0 = Release|Any CPU
		{398C18B6-3024-432B-A8CE-D0042BEBF877}.Release|x86.Deploy.0 = Release|Any CPU
	EndGlobalSection
	GlobalSection(SolutionProperties) = preSolution
		HideSolutionNode = FALSE
	EndGlobalSection
	GlobalSection(ExtensibilityGlobals) = postSolution
		SolutionGuid = {DF493AFD-9E32-44D4-94D9-4B80DCAD6E59}
	EndGlobalSection
EndGlobal
